
Microsoft Visual Studio Solution File, Format Version 12.00
# Visual Studio 15
VisualStudioVersion = 15.0.26127.3
MinimumVisualStudioVersion = 10.0.40219.1
Project("{FAE04EC0-301F-11D3-BF4B-00C04F79EFBC}") = "HeavyBoot.DAL", "HeavyBoot.DAL\HeavyBoot.DAL.csproj", "{3C45B59C-85B6-40AA-9409-C05474AC7CBF}"
EndProject
Project("{FAE04EC0-301F-11D3-BF4B-00C04F79EFBC}") = "HeavyBoot.WCFService", "HeavyBoot.WCFService\HeavyBoot.WCFService.csproj", "{DC427CE9-E50A-4927-94B8-21E5D1196418}"
EndProject
Project("{FAE04EC0-301F-11D3-BF4B-00C04F79EFBC}") = "HeavyBoot.Host", "HeavyBoot.Host\HeavyBoot.Host.csproj", "{98FA9DD1-D00E-47A5-9AB2-891FC8841394}"
EndProject
Project("{FAE04EC0-301F-11D3-BF4B-00C04F79EFBC}") = "HeavyBoot.ServiceHost", "HeavyBoot.ServiceHost\HeavyBoot.ServiceHost.csproj", "{BF895059-EFB6-419E-AA1D-BAA3D7317C03}"
EndProject
Project("{FAE04EC0-301F-11D3-BF4B-00C04F79EFBC}") = "ConsoleApp1", "..\..\keeper2\ConsoleApp1\ConsoleApp1.csproj", "{1CDA0754-14DB-4114-8982-661D8156F9AF}"
EndProject
Project("{FAE04EC0-301F-11D3-BF4B-00C04F79EFBC}") = "ClientApp", "ClientApp\ClientApp.csproj", "{6A73B0EE-ACCD-4550-BB65-1086F2A7C628}"
EndProject
Global
	GlobalSection(SolutionConfigurationPlatforms) = preSolution
		Debug|Any CPU = Debug|Any CPU
		Release|Any CPU = Release|Any CPU
	EndGlobalSection
	GlobalSection(ProjectConfigurationPlatforms) = postSolution
		{3C45B59C-85B6-40AA-9409-C05474AC7CBF}.Debug|Any CPU.ActiveCfg = Debug|Any CPU
		{3C45B59C-85B6-40AA-9409-C05474AC7CBF}.Debug|Any CPU.Build.0 = Debug|Any CPU
		{3C45B59C-85B6-40AA-9409-C05474AC7CBF}.Release|Any CPU.ActiveCfg = Release|Any CPU
		{3C45B59C-85B6-40AA-9409-C05474AC7CBF}.Release|Any CPU.Build.0 = Release|Any CPU
		{DC427CE9-E50A-4927-94B8-21E5D1196418}.Debug|Any CPU.ActiveCfg = Debug|Any CPU
		{DC427CE9-E50A-4927-94B8-21E5D1196418}.Debug|Any CPU.Build.0 = Debug|Any CPU
		{DC427CE9-E50A-4927-94B8-21E5D1196418}.Release|Any CPU.ActiveCfg = Release|Any CPU
		{DC427CE9-E50A-4927-94B8-21E5D1196418}.Release|Any CPU.Build.0 = Release|Any CPU
		{98FA9DD1-D00E-47A5-9AB2-891FC8841394}.Debug|Any CPU.ActiveCfg = Debug|Any CPU
		{98FA9DD1-D00E-47A5-9AB2-891FC8841394}.Debug|Any CPU.Build.0 = Debug|Any CPU
		{98FA9DD1-D00E-47A5-9AB2-891FC8841394}.Release|Any CPU.ActiveCfg = Release|Any CPU
		{98FA9DD1-D00E-47A5-9AB2-891FC8841394}.Release|Any CPU.Build.0 = Release|Any CPU
		{BF895059-EFB6-419E-AA1D-BAA3D7317C03}.Debug|Any CPU.ActiveCfg = Debug|Any CPU
		{BF895059-EFB6-419E-AA1D-BAA3D7317C03}.Debug|Any CPU.Build.0 = Debug|Any CPU
		{BF895059-EFB6-419E-AA1D-BAA3D7317C03}.Release|Any CPU.ActiveCfg = Release|Any CPU
		{BF895059-EFB6-419E-AA1D-BAA3D7317C03}.Release|Any CPU.Build.0 = Release|Any CPU
		{1CDA0754-14DB-4114-8982-661D8156F9AF}.Debug|Any CPU.ActiveCfg = Debug|Any CPU
		{1CDA0754-14DB-4114-8982-661D8156F9AF}.Debug|Any CPU.Build.0 = Debug|Any CPU
		{1CDA0754-14DB-4114-8982-661D8156F9AF}.Release|Any CPU.ActiveCfg = Release|Any CPU
		{1CDA0754-14DB-4114-8982-661D8156F9AF}.Release|Any CPU.Build.0 = Release|Any CPU
		{6A73B0EE-ACCD-4550-BB65-1086F2A7C628}.Debug|Any CPU.ActiveCfg = Debug|Any CPU
		{6A73B0EE-ACCD-4550-BB65-1086F2A7C628}.Debug|Any CPU.Build.0 = Debug|Any CPU
		{6A73B0EE-ACCD-4550-BB65-1086F2A7C628}.Release|Any CPU.ActiveCfg = Release|Any CPU
		{6A73B0EE-ACCD-4550-BB65-1086F2A7C628}.Release|Any CPU.Build.0 = Release|Any CPU
	EndGlobalSection
	GlobalSection(SolutionProperties) = preSolution
		HideSolutionNode = FALSE
	EndGlobalSection
EndGlobal
